
Microsoft Visual Studio Solution File, Format Version 12.00
# Visual Studio 2013
VisualStudioVersion = 12.0.21005.1
MinimumVisualStudioVersion = 10.0.40219.1
Project("{FAE04EC0-301F-11D3-BF4B-00C04F79EFBC}") = "nspINTERFACE", "nspINTERFACE\nspINTERFACE.csproj", "{8FDE344E-E1C8-4BD0-85E3-85F33FE9AE4E}"
EndProject
Project("{FAE04EC0-301F-11D3-BF4B-00C04F79EFBC}") = "nspMicroUSB", "nspMicroUSB\nspMicroUSB.csproj", "{EF2AC9EA-8DCD-405A-A25F-F4F1DEE75C9C}"
EndProject
Project("{FAE04EC0-301F-11D3-BF4B-00C04F79EFBC}") = "nspMainFCT", "nspMainFCT\nspMainFCT.csproj", "{96388BE6-4AE1-46E9-B4BF-81246CAAD626}"
EndProject
Project("{FAE04EC0-301F-11D3-BF4B-00C04F79EFBC}") = "nspMcrInterface", "nspMcrInterface\nspMcrInterface.csproj", "{5EB9E50B-E43C-4E1A-BDAB-35971A7E04F9}"
EndProject
Project("{FAE04EC0-301F-11D3-BF4B-00C04F79EFBC}") = "clsCanonUsbKernel", "CanonUsbKernelDLL\clsCanonUsbKernel\clsCanonUsbKernel.csproj", "{FDA2A02D-2E89-41FC-AE8C-E0AEB5C56500}"
EndProject
Project("{FAE04EC0-301F-11D3-BF4B-00C04F79EFBC}") = "nspMainUsbInterface", "nspMainUsbInterface\nspMainUsbInterface.csproj", "{AFECE41E-82D7-4700-8BF5-8FD0E1DA8CD8}"
EndProject
Project("{FAE04EC0-301F-11D3-BF4B-00C04F79EFBC}") = "nspMainUSB", "nspMainUSB\nspMainUSB.csproj", "{A1EBBEEC-2A71-426C-933B-084B95D7BF2A}"
EndProject
Project("{FAE04EC0-301F-11D3-BF4B-00C04F79EFBC}") = "nspKeyenceQRCode", "nspKeyenceQRCode\nspKeyenceQRCode.csproj", "{6D239177-9813-49DF-8051-5D3392A59A22}"
EndProject
Project("{FAE04EC0-301F-11D3-BF4B-00C04F79EFBC}") = "clsGeneralUsbHid", "clsGeneralUsbHid\clsGeneralUsbHid.csproj", "{00418C4C-FDB3-4646-AD5A-3E8A0C42E812}"
EndProject
Project("{2150E333-8FDC-42A3-9474-1A3956D46DE8}") = "User Function", "User Function", "{E95319B0-4E6D-4C8D-904B-A908A8F92670}"
EndProject
Project("{2150E333-8FDC-42A3-9474-1A3956D46DE8}") = "Interface", "Interface", "{DD529F93-3244-491B-94F3-A5788917E1FF}"
EndProject
Project("{2150E333-8FDC-42A3-9474-1A3956D46DE8}") = "CFP Common", "CFP Common", "{E8FF757B-2198-464B-8C07-1CC21E2D90F6}"
EndProject
Project("{FAE04EC0-301F-11D3-BF4B-00C04F79EFBC}") = "nspProgramList", "nspProgramList\nspProgramList.csproj", "{2406C631-A96C-4208-9ABE-D77B82A7EA3C}"
EndProject
Project("{FAE04EC0-301F-11D3-BF4B-00C04F79EFBC}") = "nspChildProcessModel", "nspChildProcessModel\nspChildProcessModel.csproj", "{887AE610-E6D9-4EA5-91CB-B37AB3646C2A}"
EndProject
Project("{FAE04EC0-301F-11D3-BF4B-00C04F79EFBC}") = "nspMasterProcessModel", "nspMasterProcessModel\nspMasterProcessModel.csproj", "{9C083C5E-103A-44D4-A07B-8F216F09074F}"
EndProject
Project("{FAE04EC0-301F-11D3-BF4B-00C04F79EFBC}") = "CFP WPF", "CFP WPF\CFP WPF.csproj", "{CB6FE275-E1A7-43C0-A3B2-E3D6DD4CD7E9}"
EndProject
Project("{FAE04EC0-301F-11D3-BF4B-00C04F79EFBC}") = "nspCFPInfrastructures", "CFPWPF.Infrastructure\nspCFPInfrastructures.csproj", "{FECFD11B-45AC-420B-9886-8F376E3727C7}"
EndProject
Project("{2150E333-8FDC-42A3-9474-1A3956D46DE8}") = "Prism project template", "Prism project template", "{67DC938B-B962-4CCD-A828-32AE0537C5A3}"
EndProject
Project("{FAE04EC0-301F-11D3-BF4B-00C04F79EFBC}") = "BlankPrismProjectFormWPF", "BlankPrismProjectFormWPF\BlankPrismProjectFormWPF.csproj", "{E7B32520-28C9-4DB2-85BE-07A9B05C04B5}"
EndProject
Project("{FAE04EC0-301F-11D3-BF4B-00C04F79EFBC}") = "BlankPrismClassLibraryWPF", "BlankPrismClassLibraryWPF\BlankPrismClassLibraryWPF.csproj", "{D7B3BD75-264E-4B9B-BE35-D99082EECCD0}"
EndProject
Project("{FAE04EC0-301F-11D3-BF4B-00C04F79EFBC}") = "nspMEFLoading", "nspMEFLoading\nspMEFLoading.csproj", "{5E9B5A1B-870E-40FA-A070-56C7869B88D4}"
EndProject
Project("{FAE04EC0-301F-11D3-BF4B-00C04F79EFBC}") = "nspSqlCommand", "nspPEDServer\nspSqlCommand.csproj", "{2828ADA8-4C0B-432D-8898-5677500EDC14}"
EndProject
Project("{2150E333-8FDC-42A3-9474-1A3956D46DE8}") = "User Expression", "User Expression", "{9E3E75C3-BB96-4720-9683-65029AA38B17}"
EndProject
Project("{FAE04EC0-301F-11D3-BF4B-00C04F79EFBC}") = "nspSpecCtrlCSharpSimul", "nspSpecCtrlCSharpSimul\nspSpecCtrlCSharpSimul.csproj", "{03B569D8-F355-4C0C-B177-F773818CA68C}"
EndProject
Project("{FAE04EC0-301F-11D3-BF4B-00C04F79EFBC}") = "nspSpecCtrlMath", "nspSpecCtrlMath\nspSpecCtrlMath.csproj", "{E27D675D-4A9B-4967-99CA-1D093896047C}"
EndProject
Project("{FAE04EC0-301F-11D3-BF4B-00C04F79EFBC}") = "nspSpecCtrlReturn", "nspSpecCtrlReturn\nspSpecCtrlReturn.csproj", "{98F6B4BA-7459-4B7A-90CE-47C9BD15EB20}"
EndProject
Project("{FAE04EC0-301F-11D3-BF4B-00C04F79EFBC}") = "nspSpecCtrlString", "nspSpecCtrlString\nspSpecCtrlString.csproj", "{0E47874C-A539-49A5-8223-1D489253D1AE}"
EndProject
Project("{FAE04EC0-301F-11D3-BF4B-00C04F79EFBC}") = "nspSpecCtrlSysSequence", "nspSpecCtrlSysSequence\nspSpecCtrlSysSequence.csproj", "{8B4D5E9D-7A6A-440D-9AE9-56A8E7144738}"
EndProject
Project("{FAE04EC0-301F-11D3-BF4B-00C04F79EFBC}") = "nspSpecCtrlTime", "nspSpecCtrlTime\nspSpecCtrlTime.csproj", "{89708270-3B06-479E-8310-C7A0B3E5F5A8}"
EndProject
Project("{FAE04EC0-301F-11D3-BF4B-00C04F79EFBC}") = "nspSystemControl", "nspSystemControl\nspSystemControl.csproj", "{2BA5D057-F1CD-4297-9394-619192038546}"
EndProject
Project("{FAE04EC0-301F-11D3-BF4B-00C04F79EFBC}") = "nspNECWireless", "nspNECWireless\nspNECWireless.csproj", "{6F145FB4-38D3-4E00-9773-B3EB3275C83D}"
EndProject
Project("{FAE04EC0-301F-11D3-BF4B-00C04F79EFBC}") = "BlankPrismWpfControlLibrary", "BlankPrismWpfControlLibrary\BlankPrismWpfControlLibrary.csproj", "{3B55696F-6372-473A-9472-D88ADF025288}"
EndProject
Project("{FAE04EC0-301F-11D3-BF4B-00C04F79EFBC}") = "nspKeyenceEthernet", "nspKeyenceEthernet\nspKeyenceEthernet.csproj", "{6D5A933F-359F-4AF0-A10F-EB4786173592}"
EndProject
Project("{FAE04EC0-301F-11D3-BF4B-00C04F79EFBC}") = "nspCommonTest", "nspCommonTest\nspCommonTest.csproj", "{8BEDD2D5-F580-48B4-B421-7E074F3E58C9}"
EndProject
Project("{FAE04EC0-301F-11D3-BF4B-00C04F79EFBC}") = "nspVEChecker", "nspVEChecker\nspVEChecker.csproj", "{2AB21BCB-0F3B-4C86-9716-74D28FA4B3C1}"
EndProject
Project("{FAE04EC0-301F-11D3-BF4B-00C04F79EFBC}") = "nspSpecCtrlExcelSimul", "nspSpecCtrlExcelSimul\nspSpecCtrlExcelSimul.csproj", "{1EC50F86-9050-47B8-9C04-F901F3C01700}"
EndProject
Project("{2150E333-8FDC-42A3-9474-1A3956D46DE8}") = "User Tool", "User Tool", "{AC465A32-16A9-4416-8889-D074EF6CB37E}"
EndProject
Project("{FAE04EC0-301F-11D3-BF4B-00C04F79EFBC}") = "TCPIP_TOOL", "TCPIP_TOOL\TCPIP_TOOL.csproj", "{C3BA5A72-68E9-4BD9-91BA-E776377DD211}"
EndProject
Project("{FAE04EC0-301F-11D3-BF4B-00C04F79EFBC}") = "FileHasher", "FileHasher\FileHasher.csproj", "{9D23E073-9FA6-4A49-93A9-070F27F4EF92}"
EndProject
Project("{FAE04EC0-301F-11D3-BF4B-00C04F79EFBC}") = "NCalc2", "NCalc2\NCalc2.csproj", "{3FB92288-4F27-4E62-978B-FD9F48CE1CD2}"
EndProject
Project("{FAE04EC0-301F-11D3-BF4B-00C04F79EFBC}") = "nspUnifyModel", "nspUnifyModel\nspUnifyModel.csproj", "{6FFE3F18-2174-4855-9B11-5BC08D7B2E8B}"
EndProject
Project("{FAE04EC0-301F-11D3-BF4B-00C04F79EFBC}") = "nspSpecMsgChart", "nspSpecCtrlMsgChart\nspSpecMsgChart.csproj", "{B9799CFB-B174-4DEC-AAAB-1C17884A1416}"
EndProject
Project("{FAE04EC0-301F-11D3-BF4B-00C04F79EFBC}") = "AccessSecuredWebApi", "AccessSecuredWebApi\AccessSecuredWebApi.csproj", "{ACB00461-4AEE-4EE5-8BCB-5E0A87E2936E}"
EndProject
Project("{FAE04EC0-301F-11D3-BF4B-00C04F79EFBC}") = "MyLibrary", "MyLibrary\MyLibrary.csproj", "{F6DA5D52-CB39-4F0B-BDD2-47921A96E3DE}"
EndProject
Project("{FAE04EC0-301F-11D3-BF4B-00C04F79EFBC}") = "PmModeExpression", "PmModeExpression\PmModeExpression.csproj", "{FAD76E08-F60C-43CE-B262-7164B5942F6B}"
EndProject
Project("{2150E333-8FDC-42A3-9474-1A3956D46DE8}") = "AppStore", "AppStore", "{3A6BE9D5-5446-4EC8-ACAC-2A9A61BEA3E2}"
EndProject
Project("{FAE04EC0-301F-11D3-BF4B-00C04F79EFBC}") = "AppStore", "AppStore\AppStore.csproj", "{BB4905FE-7C3E-4283-B856-AEC753FE9C46}"
EndProject
Project("{FAE04EC0-301F-11D3-BF4B-00C04F79EFBC}") = "WebApiHandle", "WebApiHandle\WebApiHandle.csproj", "{59B9AA5C-3AF3-4536-A219-C61B6B48CD96}"
EndProject
Project("{FAE04EC0-301F-11D3-BF4B-00C04F79EFBC}") = "LiteDBDatabase", "LiteDBDatabase\LiteDBDatabase.csproj", "{D32EE2AD-0DAC-4424-80DA-D827B590949A}"
EndProject
Project("{FAE04EC0-301F-11D3-BF4B-00C04F79EFBC}") = "LiteDBExp", "LiteDBExp\LiteDBExp.csproj", "{7C74D86B-E834-4168-9729-C96F70D9DE45}"
EndProject
Project("{FAE04EC0-301F-11D3-BF4B-00C04F79EFBC}") = "HostWebsiteService", "HostWebsiteService\HostWebsiteService.csproj", "{3B074380-EEA7-40E3-880B-100A6AE2E1DA}"
EndProject
Project("{FAE04EC0-301F-11D3-BF4B-00C04F79EFBC}") = "BlankPrismReduxStore", "BlankPrismReduxStore\BlankPrismReduxStore.csproj", "{F197B90C-51A1-446A-9E65-3F8599E2DE47}"
EndProject
Project("{FAE04EC0-301F-11D3-BF4B-00C04F79EFBC}") = "CalibControlExpression", "CalibControlExpression\CalibControlExpression.csproj", "{B9D3C1CC-170D-4854-BE63-14941CA56EB3}"
EndProject
Project("{2150E333-8FDC-42A3-9474-1A3956D46DE8}") = "CFP Views", "CFP Views", "{19A5649A-7FC4-4771-83E1-9AD54A02A814}"
EndProject
Project("{FAE04EC0-301F-11D3-BF4B-00C04F79EFBC}") = "SideBarView", "SideBarView\SideBarView.csproj", "{99001E62-677E-4662-B6D7-D2B85122CB3C}"
EndProject
Project("{FAE04EC0-301F-11D3-BF4B-00C04F79EFBC}") = "MainMenu", "MainMenu\MainMenu.csproj", "{BDFC6AAB-9457-4159-91D0-310105AA9ACF}"
EndProject
Project("{FAE04EC0-301F-11D3-BF4B-00C04F79EFBC}") = "LoadingComponent", "LoadingComponent\LoadingComponent.csproj", "{6B2878A7-4291-4930-A8F6-20A8C8539705}"
EndProject
Project("{FAE04EC0-301F-11D3-BF4B-00C04F79EFBC}") = "nspComboChecker", "nspCombo\nspComboChecker.csproj", "{590C974F-560D-4CF1-A9D8-D832132E84F6}"
EndProject
Global
	GlobalSection(SolutionConfigurationPlatforms) = preSolution
		Debug|Any CPU = Debug|Any CPU
		Debug|Mixed Platforms = Debug|Mixed Platforms
		Debug|x86 = Debug|x86
		Release|Any CPU = Release|Any CPU
		Release|Mixed Platforms = Release|Mixed Platforms
		Release|x86 = Release|x86
	EndGlobalSection
	GlobalSection(ProjectConfigurationPlatforms) = postSolution
		{8FDE344E-E1C8-4BD0-85E3-85F33FE9AE4E}.Debug|Any CPU.ActiveCfg = Debug|Any CPU
		{8FDE344E-E1C8-4BD0-85E3-85F33FE9AE4E}.Debug|Any CPU.Build.0 = Debug|Any CPU
		{8FDE344E-E1C8-4BD0-85E3-85F33FE9AE4E}.Debug|Mixed Platforms.ActiveCfg = Debug|Any CPU
		{8FDE344E-E1C8-4BD0-85E3-85F33FE9AE4E}.Debug|Mixed Platforms.Build.0 = Debug|Any CPU
		{8FDE344E-E1C8-4BD0-85E3-85F33FE9AE4E}.Debug|x86.ActiveCfg = Debug|Any CPU
		{8FDE344E-E1C8-4BD0-85E3-85F33FE9AE4E}.Release|Any CPU.ActiveCfg = Release|Any CPU
		{8FDE344E-E1C8-4BD0-85E3-85F33FE9AE4E}.Release|Any CPU.Build.0 = Release|Any CPU
		{8FDE344E-E1C8-4BD0-85E3-85F33FE9AE4E}.Release|Mixed Platforms.ActiveCfg = Release|Any CPU
		{8FDE344E-E1C8-4BD0-85E3-85F33FE9AE4E}.Release|Mixed Platforms.Build.0 = Release|Any CPU
		{8FDE344E-E1C8-4BD0-85E3-85F33FE9AE4E}.Release|x86.ActiveCfg = Release|Any CPU
		{EF2AC9EA-8DCD-405A-A25F-F4F1DEE75C9C}.Debug|Any CPU.ActiveCfg = Debug|Any CPU
		{EF2AC9EA-8DCD-405A-A25F-F4F1DEE75C9C}.Debug|Any CPU.Build.0 = Debug|Any CPU
		{EF2AC9EA-8DCD-405A-A25F-F4F1DEE75C9C}.Debug|Mixed Platforms.ActiveCfg = Debug|Any CPU
		{EF2AC9EA-8DCD-405A-A25F-F4F1DEE75C9C}.Debug|Mixed Platforms.Build.0 = Debug|Any CPU
		{EF2AC9EA-8DCD-405A-A25F-F4F1DEE75C9C}.Debug|x86.ActiveCfg = Debug|Any CPU
		{EF2AC9EA-8DCD-405A-A25F-F4F1DEE75C9C}.Release|Any CPU.ActiveCfg = Release|Any CPU
		{EF2AC9EA-8DCD-405A-A25F-F4F1DEE75C9C}.Release|Any CPU.Build.0 = Release|Any CPU
		{EF2AC9EA-8DCD-405A-A25F-F4F1DEE75C9C}.Release|Mixed Platforms.ActiveCfg = Release|Any CPU
		{EF2AC9EA-8DCD-405A-A25F-F4F1DEE75C9C}.Release|Mixed Platforms.Build.0 = Release|Any CPU
		{EF2AC9EA-8DCD-405A-A25F-F4F1DEE75C9C}.Release|x86.ActiveCfg = Release|Any CPU
		{96388BE6-4AE1-46E9-B4BF-81246CAAD626}.Debug|Any CPU.ActiveCfg = Debug|Any CPU
		{96388BE6-4AE1-46E9-B4BF-81246CAAD626}.Debug|Any CPU.Build.0 = Debug|Any CPU
		{96388BE6-4AE1-46E9-B4BF-81246CAAD626}.Debug|Mixed Platforms.ActiveCfg = Debug|Any CPU
		{96388BE6-4AE1-46E9-B4BF-81246CAAD626}.Debug|Mixed Platforms.Build.0 = Debug|Any CPU
		{96388BE6-4AE1-46E9-B4BF-81246CAAD626}.Debug|x86.ActiveCfg = Debug|Any CPU
		{96388BE6-4AE1-46E9-B4BF-81246CAAD626}.Release|Any CPU.ActiveCfg = Release|Any CPU
		{96388BE6-4AE1-46E9-B4BF-81246CAAD626}.Release|Any CPU.Build.0 = Release|Any CPU
		{96388BE6-4AE1-46E9-B4BF-81246CAAD626}.Release|Mixed Platforms.ActiveCfg = Release|Any CPU
		{96388BE6-4AE1-46E9-B4BF-81246CAAD626}.Release|Mixed Platforms.Build.0 = Release|Any CPU
		{96388BE6-4AE1-46E9-B4BF-81246CAAD626}.Release|x86.ActiveCfg = Release|Any CPU
		{5EB9E50B-E43C-4E1A-BDAB-35971A7E04F9}.Debug|Any CPU.ActiveCfg = Debug|Any CPU
		{5EB9E50B-E43C-4E1A-BDAB-35971A7E04F9}.Debug|Any CPU.Build.0 = Debug|Any CPU
		{5EB9E50B-E43C-4E1A-BDAB-35971A7E04F9}.Debug|Mixed Platforms.ActiveCfg = Debug|Any CPU
		{5EB9E50B-E43C-4E1A-BDAB-35971A7E04F9}.Debug|Mixed Platforms.Build.0 = Debug|Any CPU
		{5EB9E50B-E43C-4E1A-BDAB-35971A7E04F9}.Debug|x86.ActiveCfg = Debug|Any CPU
		{5EB9E50B-E43C-4E1A-BDAB-35971A7E04F9}.Release|Any CPU.ActiveCfg = Release|Any CPU
		{5EB9E50B-E43C-4E1A-BDAB-35971A7E04F9}.Release|Any CPU.Build.0 = Release|Any CPU
		{5EB9E50B-E43C-4E1A-BDAB-35971A7E04F9}.Release|Mixed Platforms.ActiveCfg = Release|Any CPU
		{5EB9E50B-E43C-4E1A-BDAB-35971A7E04F9}.Release|Mixed Platforms.Build.0 = Release|Any CPU
		{5EB9E50B-E43C-4E1A-BDAB-35971A7E04F9}.Release|x86.ActiveCfg = Release|Any CPU
		{FDA2A02D-2E89-41FC-AE8C-E0AEB5C56500}.Debug|Any CPU.ActiveCfg = Debug|Any CPU
		{FDA2A02D-2E89-41FC-AE8C-E0AEB5C56500}.Debug|Any CPU.Build.0 = Debug|Any CPU
		{FDA2A02D-2E89-41FC-AE8C-E0AEB5C56500}.Debug|Mixed Platforms.ActiveCfg = Debug|Any CPU
		{FDA2A02D-2E89-41FC-AE8C-E0AEB5C56500}.Debug|Mixed Platforms.Build.0 = Debug|Any CPU
		{FDA2A02D-2E89-41FC-AE8C-E0AEB5C56500}.Debug|x86.ActiveCfg = Debug|Any CPU
		{FDA2A02D-2E89-41FC-AE8C-E0AEB5C56500}.Release|Any CPU.ActiveCfg = Release|Any CPU
		{FDA2A02D-2E89-41FC-AE8C-E0AEB5C56500}.Release|Any CPU.Build.0 = Release|Any CPU
		{FDA2A02D-2E89-41FC-AE8C-E0AEB5C56500}.Release|Mixed Platforms.ActiveCfg = Release|Any CPU
		{FDA2A02D-2E89-41FC-AE8C-E0AEB5C56500}.Release|Mixed Platforms.Build.0 = Release|Any CPU
		{FDA2A02D-2E89-41FC-AE8C-E0AEB5C56500}.Release|x86.ActiveCfg = Release|Any CPU
		{AFECE41E-82D7-4700-8BF5-8FD0E1DA8CD8}.Debug|Any CPU.ActiveCfg = Debug|Any CPU
		{AFECE41E-82D7-4700-8BF5-8FD0E1DA8CD8}.Debug|Any CPU.Build.0 = Debug|Any CPU
		{AFECE41E-82D7-4700-8BF5-8FD0E1DA8CD8}.Debug|Mixed Platforms.ActiveCfg = Debug|Any CPU
		{AFECE41E-82D7-4700-8BF5-8FD0E1DA8CD8}.Debug|Mixed Platforms.Build.0 = Debug|Any CPU
		{AFECE41E-82D7-4700-8BF5-8FD0E1DA8CD8}.Debug|x86.ActiveCfg = Debug|Any CPU
		{AFECE41E-82D7-4700-8BF5-8FD0E1DA8CD8}.Release|Any CPU.ActiveCfg = Release|Any CPU
		{AFECE41E-82D7-4700-8BF5-8FD0E1DA8CD8}.Release|Any CPU.Build.0 = Release|Any CPU
		{AFECE41E-82D7-4700-8BF5-8FD0E1DA8CD8}.Release|Mixed Platforms.ActiveCfg = Release|Any CPU
		{AFECE41E-82D7-4700-8BF5-8FD0E1DA8CD8}.Release|Mixed Platforms.Build.0 = Release|Any CPU
		{AFECE41E-82D7-4700-8BF5-8FD0E1DA8CD8}.Release|x86.ActiveCfg = Release|Any CPU
		{A1EBBEEC-2A71-426C-933B-084B95D7BF2A}.Debug|Any CPU.ActiveCfg = Debug|Any CPU
		{A1EBBEEC-2A71-426C-933B-084B95D7BF2A}.Debug|Any CPU.Build.0 = Debug|Any CPU
		{A1EBBEEC-2A71-426C-933B-084B95D7BF2A}.Debug|Mixed Platforms.ActiveCfg = Debug|Any CPU
		{A1EBBEEC-2A71-426C-933B-084B95D7BF2A}.Debug|Mixed Platforms.Build.0 = Debug|Any CPU
		{A1EBBEEC-2A71-426C-933B-084B95D7BF2A}.Debug|x86.ActiveCfg = Debug|Any CPU
		{A1EBBEEC-2A71-426C-933B-084B95D7BF2A}.Release|Any CPU.ActiveCfg = Release|Any CPU
		{A1EBBEEC-2A71-426C-933B-084B95D7BF2A}.Release|Any CPU.Build.0 = Release|Any CPU
		{A1EBBEEC-2A71-426C-933B-084B95D7BF2A}.Release|Mixed Platforms.ActiveCfg = Release|Any CPU
		{A1EBBEEC-2A71-426C-933B-084B95D7BF2A}.Release|Mixed Platforms.Build.0 = Release|Any CPU
		{A1EBBEEC-2A71-426C-933B-084B95D7BF2A}.Release|x86.ActiveCfg = Release|Any CPU
		{6D239177-9813-49DF-8051-5D3392A59A22}.Debug|Any CPU.ActiveCfg = Debug|Any CPU
		{6D239177-9813-49DF-8051-5D3392A59A22}.Debug|Any CPU.Build.0 = Debug|Any CPU
		{6D239177-9813-49DF-8051-5D3392A59A22}.Debug|Mixed Platforms.ActiveCfg = Debug|Any CPU
		{6D239177-9813-49DF-8051-5D3392A59A22}.Debug|Mixed Platforms.Build.0 = Debug|Any CPU
		{6D239177-9813-49DF-8051-5D3392A59A22}.Debug|x86.ActiveCfg = Debug|Any CPU
		{6D239177-9813-49DF-8051-5D3392A59A22}.Release|Any CPU.ActiveCfg = Release|Any CPU
		{6D239177-9813-49DF-8051-5D3392A59A22}.Release|Any CPU.Build.0 = Release|Any CPU
		{6D239177-9813-49DF-8051-5D3392A59A22}.Release|Mixed Platforms.ActiveCfg = Release|Any CPU
		{6D239177-9813-49DF-8051-5D3392A59A22}.Release|Mixed Platforms.Build.0 = Release|Any CPU
		{6D239177-9813-49DF-8051-5D3392A59A22}.Release|x86.ActiveCfg = Release|Any CPU
		{00418C4C-FDB3-4646-AD5A-3E8A0C42E812}.Debug|Any CPU.ActiveCfg = Debug|Any CPU
		{00418C4C-FDB3-4646-AD5A-3E8A0C42E812}.Debug|Any CPU.Build.0 = Debug|Any CPU
		{00418C4C-FDB3-4646-AD5A-3E8A0C42E812}.Debug|Mixed Platforms.ActiveCfg = Debug|Any CPU
		{00418C4C-FDB3-4646-AD5A-3E8A0C42E812}.Debug|Mixed Platforms.Build.0 = Debug|Any CPU
		{00418C4C-FDB3-4646-AD5A-3E8A0C42E812}.Debug|x86.ActiveCfg = Debug|Any CPU
		{00418C4C-FDB3-4646-AD5A-3E8A0C42E812}.Release|Any CPU.ActiveCfg = Release|Any CPU
		{00418C4C-FDB3-4646-AD5A-3E8A0C42E812}.Release|Any CPU.Build.0 = Release|Any CPU
		{00418C4C-FDB3-4646-AD5A-3E8A0C42E812}.Release|Mixed Platforms.ActiveCfg = Release|Any CPU
		{00418C4C-FDB3-4646-AD5A-3E8A0C42E812}.Release|Mixed Platforms.Build.0 = Release|Any CPU
		{00418C4C-FDB3-4646-AD5A-3E8A0C42E812}.Release|x86.ActiveCfg = Release|Any CPU
		{2406C631-A96C-4208-9ABE-D77B82A7EA3C}.Debug|Any CPU.ActiveCfg = Debug|Any CPU
		{2406C631-A96C-4208-9ABE-D77B82A7EA3C}.Debug|Any CPU.Build.0 = Debug|Any CPU
		{2406C631-A96C-4208-9ABE-D77B82A7EA3C}.Debug|Mixed Platforms.ActiveCfg = Debug|Any CPU
		{2406C631-A96C-4208-9ABE-D77B82A7EA3C}.Debug|Mixed Platforms.Build.0 = Debug|Any CPU
		{2406C631-A96C-4208-9ABE-D77B82A7EA3C}.Debug|x86.ActiveCfg = Debug|Any CPU
		{2406C631-A96C-4208-9ABE-D77B82A7EA3C}.Release|Any CPU.ActiveCfg = Release|Any CPU
		{2406C631-A96C-4208-9ABE-D77B82A7EA3C}.Release|Any CPU.Build.0 = Release|Any CPU
		{2406C631-A96C-4208-9ABE-D77B82A7EA3C}.Release|Mixed Platforms.ActiveCfg = Release|Any CPU
		{2406C631-A96C-4208-9ABE-D77B82A7EA3C}.Release|Mixed Platforms.Build.0 = Release|Any CPU
		{2406C631-A96C-4208-9ABE-D77B82A7EA3C}.Release|x86.ActiveCfg = Release|Any CPU
		{887AE610-E6D9-4EA5-91CB-B37AB3646C2A}.Debug|Any CPU.ActiveCfg = Debug|Any CPU
		{887AE610-E6D9-4EA5-91CB-B37AB3646C2A}.Debug|Any CPU.Build.0 = Debug|Any CPU
		{887AE610-E6D9-4EA5-91CB-B37AB3646C2A}.Debug|Mixed Platforms.ActiveCfg = Debug|Any CPU
		{887AE610-E6D9-4EA5-91CB-B37AB3646C2A}.Debug|Mixed Platforms.Build.0 = Debug|Any CPU
		{887AE610-E6D9-4EA5-91CB-B37AB3646C2A}.Debug|x86.ActiveCfg = Debug|Any CPU
		{887AE610-E6D9-4EA5-91CB-B37AB3646C2A}.Release|Any CPU.ActiveCfg = Release|Any CPU
		{887AE610-E6D9-4EA5-91CB-B37AB3646C2A}.Release|Any CPU.Build.0 = Release|Any CPU
		{887AE610-E6D9-4EA5-91CB-B37AB3646C2A}.Release|Mixed Platforms.ActiveCfg = Release|Any CPU
		{887AE610-E6D9-4EA5-91CB-B37AB3646C2A}.Release|Mixed Platforms.Build.0 = Release|Any CPU
		{887AE610-E6D9-4EA5-91CB-B37AB3646C2A}.Release|x86.ActiveCfg = Release|Any CPU
		{9C083C5E-103A-44D4-A07B-8F216F09074F}.Debug|Any CPU.ActiveCfg = Debug|Any CPU
		{9C083C5E-103A-44D4-A07B-8F216F09074F}.Debug|Any CPU.Build.0 = Debug|Any CPU
		{9C083C5E-103A-44D4-A07B-8F216F09074F}.Debug|Mixed Platforms.ActiveCfg = Debug|Any CPU
		{9C083C5E-103A-44D4-A07B-8F216F09074F}.Debug|Mixed Platforms.Build.0 = Debug|Any CPU
		{9C083C5E-103A-44D4-A07B-8F216F09074F}.Debug|x86.ActiveCfg = Debug|Any CPU
		{9C083C5E-103A-44D4-A07B-8F216F09074F}.Release|Any CPU.ActiveCfg = Release|Any CPU
		{9C083C5E-103A-44D4-A07B-8F216F09074F}.Release|Any CPU.Build.0 = Release|Any CPU
		{9C083C5E-103A-44D4-A07B-8F216F09074F}.Release|Mixed Platforms.ActiveCfg = Release|Any CPU
		{9C083C5E-103A-44D4-A07B-8F216F09074F}.Release|Mixed Platforms.Build.0 = Release|Any CPU
		{9C083C5E-103A-44D4-A07B-8F216F09074F}.Release|x86.ActiveCfg = Release|Any CPU
		{CB6FE275-E1A7-43C0-A3B2-E3D6DD4CD7E9}.Debug|Any CPU.ActiveCfg = Debug|x86
		{CB6FE275-E1A7-43C0-A3B2-E3D6DD4CD7E9}.Debug|Mixed Platforms.ActiveCfg = Debug|x86
		{CB6FE275-E1A7-43C0-A3B2-E3D6DD4CD7E9}.Debug|Mixed Platforms.Build.0 = Debug|x86
		{CB6FE275-E1A7-43C0-A3B2-E3D6DD4CD7E9}.Debug|x86.ActiveCfg = Debug|x86
		{CB6FE275-E1A7-43C0-A3B2-E3D6DD4CD7E9}.Debug|x86.Build.0 = Debug|x86
		{CB6FE275-E1A7-43C0-A3B2-E3D6DD4CD7E9}.Release|Any CPU.ActiveCfg = Release|x86
		{CB6FE275-E1A7-43C0-A3B2-E3D6DD4CD7E9}.Release|Mixed Platforms.ActiveCfg = Release|x86
		{CB6FE275-E1A7-43C0-A3B2-E3D6DD4CD7E9}.Release|Mixed Platforms.Build.0 = Release|x86
		{CB6FE275-E1A7-43C0-A3B2-E3D6DD4CD7E9}.Release|x86.ActiveCfg = Release|x86
		{CB6FE275-E1A7-43C0-A3B2-E3D6DD4CD7E9}.Release|x86.Build.0 = Release|x86
		{FECFD11B-45AC-420B-9886-8F376E3727C7}.Debug|Any CPU.ActiveCfg = Debug|Any CPU
		{FECFD11B-45AC-420B-9886-8F376E3727C7}.Debug|Any CPU.Build.0 = Debug|Any CPU
		{FECFD11B-45AC-420B-9886-8F376E3727C7}.Debug|Mixed Platforms.ActiveCfg = Debug|Any CPU
		{FECFD11B-45AC-420B-9886-8F376E3727C7}.Debug|Mixed Platforms.Build.0 = Debug|Any CPU
		{FECFD11B-45AC-420B-9886-8F376E3727C7}.Debug|x86.ActiveCfg = Debug|Any CPU
		{FECFD11B-45AC-420B-9886-8F376E3727C7}.Release|Any CPU.ActiveCfg = Release|Any CPU
		{FECFD11B-45AC-420B-9886-8F376E3727C7}.Release|Any CPU.Build.0 = Release|Any CPU
		{FECFD11B-45AC-420B-9886-8F376E3727C7}.Release|Mixed Platforms.ActiveCfg = Release|Any CPU
		{FECFD11B-45AC-420B-9886-8F376E3727C7}.Release|Mixed Platforms.Build.0 = Release|Any CPU
		{FECFD11B-45AC-420B-9886-8F376E3727C7}.Release|x86.ActiveCfg = Release|Any CPU
		{E7B32520-28C9-4DB2-85BE-07A9B05C04B5}.Debug|Any CPU.ActiveCfg = Debug|Any CPU
		{E7B32520-28C9-4DB2-85BE-07A9B05C04B5}.Debug|Any CPU.Build.0 = Debug|Any CPU
		{E7B32520-28C9-4DB2-85BE-07A9B05C04B5}.Debug|Mixed Platforms.ActiveCfg = Debug|Any CPU
		{E7B32520-28C9-4DB2-85BE-07A9B05C04B5}.Debug|Mixed Platforms.Build.0 = Debug|Any CPU
		{E7B32520-28C9-4DB2-85BE-07A9B05C04B5}.Debug|x86.ActiveCfg = Debug|Any CPU
		{E7B32520-28C9-4DB2-85BE-07A9B05C04B5}.Release|Any CPU.ActiveCfg = Release|Any CPU
		{E7B32520-28C9-4DB2-85BE-07A9B05C04B5}.Release|Any CPU.Build.0 = Release|Any CPU
		{E7B32520-28C9-4DB2-85BE-07A9B05C04B5}.Release|Mixed Platforms.ActiveCfg = Release|Any CPU
		{E7B32520-28C9-4DB2-85BE-07A9B05C04B5}.Release|Mixed Platforms.Build.0 = Release|Any CPU
		{E7B32520-28C9-4DB2-85BE-07A9B05C04B5}.Release|x86.ActiveCfg = Release|Any CPU
		{D7B3BD75-264E-4B9B-BE35-D99082EECCD0}.Debug|Any CPU.ActiveCfg = Debug|Any CPU
		{D7B3BD75-264E-4B9B-BE35-D99082EECCD0}.Debug|Any CPU.Build.0 = Debug|Any CPU
		{D7B3BD75-264E-4B9B-BE35-D99082EECCD0}.Debug|Mixed Platforms.ActiveCfg = Debug|Any CPU
		{D7B3BD75-264E-4B9B-BE35-D99082EECCD0}.Debug|Mixed Platforms.Build.0 = Debug|Any CPU
		{D7B3BD75-264E-4B9B-BE35-D99082EECCD0}.Debug|x86.ActiveCfg = Debug|Any CPU
		{D7B3BD75-264E-4B9B-BE35-D99082EECCD0}.Release|Any CPU.ActiveCfg = Release|Any CPU
		{D7B3BD75-264E-4B9B-BE35-D99082EECCD0}.Release|Any CPU.Build.0 = Release|Any CPU
		{D7B3BD75-264E-4B9B-BE35-D99082EECCD0}.Release|Mixed Platforms.ActiveCfg = Release|Any CPU
		{D7B3BD75-264E-4B9B-BE35-D99082EECCD0}.Release|Mixed Platforms.Build.0 = Release|Any CPU
		{D7B3BD75-264E-4B9B-BE35-D99082EECCD0}.Release|x86.ActiveCfg = Release|Any CPU
		{5E9B5A1B-870E-40FA-A070-56C7869B88D4}.Debug|Any CPU.ActiveCfg = Debug|Any CPU
		{5E9B5A1B-870E-40FA-A070-56C7869B88D4}.Debug|Any CPU.Build.0 = Debug|Any CPU
		{5E9B5A1B-870E-40FA-A070-56C7869B88D4}.Debug|Mixed Platforms.ActiveCfg = Debug|Any CPU
		{5E9B5A1B-870E-40FA-A070-56C7869B88D4}.Debug|Mixed Platforms.Build.0 = Debug|Any CPU
		{5E9B5A1B-870E-40FA-A070-56C7869B88D4}.Debug|x86.ActiveCfg = Debug|Any CPU
		{5E9B5A1B-870E-40FA-A070-56C7869B88D4}.Release|Any CPU.ActiveCfg = Release|Any CPU
		{5E9B5A1B-870E-40FA-A070-56C7869B88D4}.Release|Any CPU.Build.0 = Release|Any CPU
		{5E9B5A1B-870E-40FA-A070-56C7869B88D4}.Release|Mixed Platforms.ActiveCfg = Release|Any CPU
		{5E9B5A1B-870E-40FA-A070-56C7869B88D4}.Release|Mixed Platforms.Build.0 = Release|Any CPU
		{5E9B5A1B-870E-40FA-A070-56C7869B88D4}.Release|x86.ActiveCfg = Release|Any CPU
		{2828ADA8-4C0B-432D-8898-5677500EDC14}.Debug|Any CPU.ActiveCfg = Debug|Any CPU
		{2828ADA8-4C0B-432D-8898-5677500EDC14}.Debug|Any CPU.Build.0 = Debug|Any CPU
		{2828ADA8-4C0B-432D-8898-5677500EDC14}.Debug|Mixed Platforms.ActiveCfg = Debug|Any CPU
		{2828ADA8-4C0B-432D-8898-5677500EDC14}.Debug|Mixed Platforms.Build.0 = Debug|Any CPU
		{2828ADA8-4C0B-432D-8898-5677500EDC14}.Debug|x86.ActiveCfg = Debug|Any CPU
		{2828ADA8-4C0B-432D-8898-5677500EDC14}.Release|Any CPU.ActiveCfg = Release|Any CPU
		{2828ADA8-4C0B-432D-8898-5677500EDC14}.Release|Any CPU.Build.0 = Release|Any CPU
		{2828ADA8-4C0B-432D-8898-5677500EDC14}.Release|Mixed Platforms.ActiveCfg = Release|Any CPU
		{2828ADA8-4C0B-432D-8898-5677500EDC14}.Release|Mixed Platforms.Build.0 = Release|Any CPU
		{2828ADA8-4C0B-432D-8898-5677500EDC14}.Release|x86.ActiveCfg = Release|Any CPU
		{03B569D8-F355-4C0C-B177-F773818CA68C}.Debug|Any CPU.ActiveCfg = Debug|Any CPU
		{03B569D8-F355-4C0C-B177-F773818CA68C}.Debug|Any CPU.Build.0 = Debug|Any CPU
		{03B569D8-F355-4C0C-B177-F773818CA68C}.Debug|Mixed Platforms.ActiveCfg = Debug|Any CPU
		{03B569D8-F355-4C0C-B177-F773818CA68C}.Debug|Mixed Platforms.Build.0 = Debug|Any CPU
		{03B569D8-F355-4C0C-B177-F773818CA68C}.Debug|x86.ActiveCfg = Debug|Any CPU
		{03B569D8-F355-4C0C-B177-F773818CA68C}.Release|Any CPU.ActiveCfg = Release|Any CPU
		{03B569D8-F355-4C0C-B177-F773818CA68C}.Release|Any CPU.Build.0 = Release|Any CPU
		{03B569D8-F355-4C0C-B177-F773818CA68C}.Release|Mixed Platforms.ActiveCfg = Release|Any CPU
		{03B569D8-F355-4C0C-B177-F773818CA68C}.Release|Mixed Platforms.Build.0 = Release|Any CPU
		{03B569D8-F355-4C0C-B177-F773818CA68C}.Release|x86.ActiveCfg = Release|Any CPU
		{E27D675D-4A9B-4967-99CA-1D093896047C}.Debug|Any CPU.ActiveCfg = Debug|Any CPU
		{E27D675D-4A9B-4967-99CA-1D093896047C}.Debug|Any CPU.Build.0 = Debug|Any CPU
		{E27D675D-4A9B-4967-99CA-1D093896047C}.Debug|Mixed Platforms.ActiveCfg = Debug|Any CPU
		{E27D675D-4A9B-4967-99CA-1D093896047C}.Debug|Mixed Platforms.Build.0 = Debug|Any CPU
		{E27D675D-4A9B-4967-99CA-1D093896047C}.Debug|x86.ActiveCfg = Debug|Any CPU
		{E27D675D-4A9B-4967-99CA-1D093896047C}.Release|Any CPU.ActiveCfg = Release|Any CPU
		{E27D675D-4A9B-4967-99CA-1D093896047C}.Release|Any CPU.Build.0 = Release|Any CPU
		{E27D675D-4A9B-4967-99CA-1D093896047C}.Release|Mixed Platforms.ActiveCfg = Release|Any CPU
		{E27D675D-4A9B-4967-99CA-1D093896047C}.Release|Mixed Platforms.Build.0 = Release|Any CPU
		{E27D675D-4A9B-4967-99CA-1D093896047C}.Release|x86.ActiveCfg = Release|Any CPU
		{98F6B4BA-7459-4B7A-90CE-47C9BD15EB20}.Debug|Any CPU.ActiveCfg = Debug|Any CPU
		{98F6B4BA-7459-4B7A-90CE-47C9BD15EB20}.Debug|Any CPU.Build.0 = Debug|Any CPU
		{98F6B4BA-7459-4B7A-90CE-47C9BD15EB20}.Debug|Mixed Platforms.ActiveCfg = Debug|Any CPU
		{98F6B4BA-7459-4B7A-90CE-47C9BD15EB20}.Debug|Mixed Platforms.Build.0 = Debug|Any CPU
		{98F6B4BA-7459-4B7A-90CE-47C9BD15EB20}.Debug|x86.ActiveCfg = Debug|Any CPU
		{98F6B4BA-7459-4B7A-90CE-47C9BD15EB20}.Release|Any CPU.ActiveCfg = Release|Any CPU
		{98F6B4BA-7459-4B7A-90CE-47C9BD15EB20}.Release|Any CPU.Build.0 = Release|Any CPU
		{98F6B4BA-7459-4B7A-90CE-47C9BD15EB20}.Release|Mixed Platforms.ActiveCfg = Release|Any CPU
		{98F6B4BA-7459-4B7A-90CE-47C9BD15EB20}.Release|Mixed Platforms.Build.0 = Release|Any CPU
		{98F6B4BA-7459-4B7A-90CE-47C9BD15EB20}.Release|x86.ActiveCfg = Release|Any CPU
		{0E47874C-A539-49A5-8223-1D489253D1AE}.Debug|Any CPU.ActiveCfg = Debug|Any CPU
		{0E47874C-A539-49A5-8223-1D489253D1AE}.Debug|Any CPU.Build.0 = Debug|Any CPU
		{0E47874C-A539-49A5-8223-1D489253D1AE}.Debug|Mixed Platforms.ActiveCfg = Debug|Any CPU
		{0E47874C-A539-49A5-8223-1D489253D1AE}.Debug|Mixed Platforms.Build.0 = Debug|Any CPU
		{0E47874C-A539-49A5-8223-1D489253D1AE}.Debug|x86.ActiveCfg = Debug|Any CPU
		{0E47874C-A539-49A5-8223-1D489253D1AE}.Release|Any CPU.ActiveCfg = Release|Any CPU
		{0E47874C-A539-49A5-8223-1D489253D1AE}.Release|Any CPU.Build.0 = Release|Any CPU
		{0E47874C-A539-49A5-8223-1D489253D1AE}.Release|Mixed Platforms.ActiveCfg = Release|Any CPU
		{0E47874C-A539-49A5-8223-1D489253D1AE}.Release|Mixed Platforms.Build.0 = Release|Any CPU
		{0E47874C-A539-49A5-8223-1D489253D1AE}.Release|x86.ActiveCfg = Release|Any CPU
		{8B4D5E9D-7A6A-440D-9AE9-56A8E7144738}.Debug|Any CPU.ActiveCfg = Debug|Any CPU
		{8B4D5E9D-7A6A-440D-9AE9-56A8E7144738}.Debug|Any CPU.Build.0 = Debug|Any CPU
		{8B4D5E9D-7A6A-440D-9AE9-56A8E7144738}.Debug|Mixed Platforms.ActiveCfg = Debug|Any CPU
		{8B4D5E9D-7A6A-440D-9AE9-56A8E7144738}.Debug|Mixed Platforms.Build.0 = Debug|Any CPU
		{8B4D5E9D-7A6A-440D-9AE9-56A8E7144738}.Debug|x86.ActiveCfg = Debug|Any CPU
		{8B4D5E9D-7A6A-440D-9AE9-56A8E7144738}.Release|Any CPU.ActiveCfg = Release|Any CPU
		{8B4D5E9D-7A6A-440D-9AE9-56A8E7144738}.Release|Any CPU.Build.0 = Release|Any CPU
		{8B4D5E9D-7A6A-440D-9AE9-56A8E7144738}.Release|Mixed Platforms.ActiveCfg = Release|Any CPU
		{8B4D5E9D-7A6A-440D-9AE9-56A8E7144738}.Release|Mixed Platforms.Build.0 = Release|Any CPU
		{8B4D5E9D-7A6A-440D-9AE9-56A8E7144738}.Release|x86.ActiveCfg = Release|Any CPU
		{89708270-3B06-479E-8310-C7A0B3E5F5A8}.Debug|Any CPU.ActiveCfg = Debug|Any CPU
		{89708270-3B06-479E-8310-C7A0B3E5F5A8}.Debug|Any CPU.Build.0 = Debug|Any CPU
		{89708270-3B06-479E-8310-C7A0B3E5F5A8}.Debug|Mixed Platforms.ActiveCfg = Debug|Any CPU
		{89708270-3B06-479E-8310-C7A0B3E5F5A8}.Debug|Mixed Platforms.Build.0 = Debug|Any CPU
		{89708270-3B06-479E-8310-C7A0B3E5F5A8}.Debug|x86.ActiveCfg = Debug|Any CPU
		{89708270-3B06-479E-8310-C7A0B3E5F5A8}.Release|Any CPU.ActiveCfg = Release|Any CPU
		{89708270-3B06-479E-8310-C7A0B3E5F5A8}.Release|Any CPU.Build.0 = Release|Any CPU
		{89708270-3B06-479E-8310-C7A0B3E5F5A8}.Release|Mixed Platforms.ActiveCfg = Release|Any CPU
		{89708270-3B06-479E-8310-C7A0B3E5F5A8}.Release|Mixed Platforms.Build.0 = Release|Any CPU
		{89708270-3B06-479E-8310-C7A0B3E5F5A8}.Release|x86.ActiveCfg = Release|Any CPU
		{2BA5D057-F1CD-4297-9394-619192038546}.Debug|Any CPU.ActiveCfg = Debug|Any CPU
		{2BA5D057-F1CD-4297-9394-619192038546}.Debug|Any CPU.Build.0 = Debug|Any CPU
		{2BA5D057-F1CD-4297-9394-619192038546}.Debug|Mixed Platforms.ActiveCfg = Debug|Any CPU
		{2BA5D057-F1CD-4297-9394-619192038546}.Debug|Mixed Platforms.Build.0 = Debug|Any CPU
		{2BA5D057-F1CD-4297-9394-619192038546}.Debug|x86.ActiveCfg = Debug|Any CPU
		{2BA5D057-F1CD-4297-9394-619192038546}.Release|Any CPU.ActiveCfg = Release|Any CPU
		{2BA5D057-F1CD-4297-9394-619192038546}.Release|Any CPU.Build.0 = Release|Any CPU
		{2BA5D057-F1CD-4297-9394-619192038546}.Release|Mixed Platforms.ActiveCfg = Release|Any CPU
		{2BA5D057-F1CD-4297-9394-619192038546}.Release|Mixed Platforms.Build.0 = Release|Any CPU
		{2BA5D057-F1CD-4297-9394-619192038546}.Release|x86.ActiveCfg = Release|Any CPU
		{6F145FB4-38D3-4E00-9773-B3EB3275C83D}.Debug|Any CPU.ActiveCfg = Debug|Any CPU
		{6F145FB4-38D3-4E00-9773-B3EB3275C83D}.Debug|Any CPU.Build.0 = Debug|Any CPU
		{6F145FB4-38D3-4E00-9773-B3EB3275C83D}.Debug|Mixed Platforms.ActiveCfg = Debug|Any CPU
		{6F145FB4-38D3-4E00-9773-B3EB3275C83D}.Debug|Mixed Platforms.Build.0 = Debug|Any CPU
		{6F145FB4-38D3-4E00-9773-B3EB3275C83D}.Debug|x86.ActiveCfg = Debug|Any CPU
		{6F145FB4-38D3-4E00-9773-B3EB3275C83D}.Release|Any CPU.ActiveCfg = Release|Any CPU
		{6F145FB4-38D3-4E00-9773-B3EB3275C83D}.Release|Any CPU.Build.0 = Release|Any CPU
		{6F145FB4-38D3-4E00-9773-B3EB3275C83D}.Release|Mixed Platforms.ActiveCfg = Release|Any CPU
		{6F145FB4-38D3-4E00-9773-B3EB3275C83D}.Release|Mixed Platforms.Build.0 = Release|Any CPU
		{6F145FB4-38D3-4E00-9773-B3EB3275C83D}.Release|x86.ActiveCfg = Release|Any CPU
		{3B55696F-6372-473A-9472-D88ADF025288}.Debug|Any CPU.ActiveCfg = Debug|Any CPU
		{3B55696F-6372-473A-9472-D88ADF025288}.Debug|Any CPU.Build.0 = Debug|Any CPU
		{3B55696F-6372-473A-9472-D88ADF025288}.Debug|Mixed Platforms.ActiveCfg = Debug|Any CPU
		{3B55696F-6372-473A-9472-D88ADF025288}.Debug|Mixed Platforms.Build.0 = Debug|Any CPU
		{3B55696F-6372-473A-9472-D88ADF025288}.Debug|x86.ActiveCfg = Debug|Any CPU
		{3B55696F-6372-473A-9472-D88ADF025288}.Release|Any CPU.ActiveCfg = Release|Any CPU
		{3B55696F-6372-473A-9472-D88ADF025288}.Release|Any CPU.Build.0 = Release|Any CPU
		{3B55696F-6372-473A-9472-D88ADF025288}.Release|Mixed Platforms.ActiveCfg = Release|Any CPU
		{3B55696F-6372-473A-9472-D88ADF025288}.Release|Mixed Platforms.Build.0 = Release|Any CPU
		{3B55696F-6372-473A-9472-D88ADF025288}.Release|x86.ActiveCfg = Release|Any CPU
		{6D5A933F-359F-4AF0-A10F-EB4786173592}.Debug|Any CPU.ActiveCfg = Debug|Any CPU
		{6D5A933F-359F-4AF0-A10F-EB4786173592}.Debug|Any CPU.Build.0 = Debug|Any CPU
		{6D5A933F-359F-4AF0-A10F-EB4786173592}.Debug|Mixed Platforms.ActiveCfg = Debug|Any CPU
		{6D5A933F-359F-4AF0-A10F-EB4786173592}.Debug|Mixed Platforms.Build.0 = Debug|Any CPU
		{6D5A933F-359F-4AF0-A10F-EB4786173592}.Debug|x86.ActiveCfg = Debug|Any CPU
		{6D5A933F-359F-4AF0-A10F-EB4786173592}.Release|Any CPU.ActiveCfg = Release|Any CPU
		{6D5A933F-359F-4AF0-A10F-EB4786173592}.Release|Any CPU.Build.0 = Release|Any CPU
		{6D5A933F-359F-4AF0-A10F-EB4786173592}.Release|Mixed Platforms.ActiveCfg = Release|Any CPU
		{6D5A933F-359F-4AF0-A10F-EB4786173592}.Release|Mixed Platforms.Build.0 = Release|Any CPU
		{6D5A933F-359F-4AF0-A10F-EB4786173592}.Release|x86.ActiveCfg = Release|Any CPU
		{8BEDD2D5-F580-48B4-B421-7E074F3E58C9}.Debug|Any CPU.ActiveCfg = Debug|Any CPU
		{8BEDD2D5-F580-48B4-B421-7E074F3E58C9}.Debug|Any CPU.Build.0 = Debug|Any CPU
		{8BEDD2D5-F580-48B4-B421-7E074F3E58C9}.Debug|Mixed Platforms.ActiveCfg = Debug|Any CPU
		{8BEDD2D5-F580-48B4-B421-7E074F3E58C9}.Debug|Mixed Platforms.Build.0 = Debug|Any CPU
		{8BEDD2D5-F580-48B4-B421-7E074F3E58C9}.Debug|x86.ActiveCfg = Debug|Any CPU
		{8BEDD2D5-F580-48B4-B421-7E074F3E58C9}.Release|Any CPU.ActiveCfg = Release|Any CPU
		{8BEDD2D5-F580-48B4-B421-7E074F3E58C9}.Release|Any CPU.Build.0 = Release|Any CPU
		{8BEDD2D5-F580-48B4-B421-7E074F3E58C9}.Release|Mixed Platforms.ActiveCfg = Release|Any CPU
		{8BEDD2D5-F580-48B4-B421-7E074F3E58C9}.Release|Mixed Platforms.Build.0 = Release|Any CPU
		{8BEDD2D5-F580-48B4-B421-7E074F3E58C9}.Release|x86.ActiveCfg = Release|Any CPU
		{2AB21BCB-0F3B-4C86-9716-74D28FA4B3C1}.Debug|Any CPU.ActiveCfg = Debug|Any CPU
		{2AB21BCB-0F3B-4C86-9716-74D28FA4B3C1}.Debug|Any CPU.Build.0 = Debug|Any CPU
		{2AB21BCB-0F3B-4C86-9716-74D28FA4B3C1}.Debug|Mixed Platforms.ActiveCfg = Debug|Any CPU
		{2AB21BCB-0F3B-4C86-9716-74D28FA4B3C1}.Debug|Mixed Platforms.Build.0 = Debug|Any CPU
		{2AB21BCB-0F3B-4C86-9716-74D28FA4B3C1}.Debug|x86.ActiveCfg = Debug|Any CPU
		{2AB21BCB-0F3B-4C86-9716-74D28FA4B3C1}.Release|Any CPU.ActiveCfg = Release|Any CPU
		{2AB21BCB-0F3B-4C86-9716-74D28FA4B3C1}.Release|Any CPU.Build.0 = Release|Any CPU
		{2AB21BCB-0F3B-4C86-9716-74D28FA4B3C1}.Release|Mixed Platforms.ActiveCfg = Release|Any CPU
		{2AB21BCB-0F3B-4C86-9716-74D28FA4B3C1}.Release|Mixed Platforms.Build.0 = Release|Any CPU
		{2AB21BCB-0F3B-4C86-9716-74D28FA4B3C1}.Release|x86.ActiveCfg = Release|Any CPU
		{1EC50F86-9050-47B8-9C04-F901F3C01700}.Debug|Any CPU.ActiveCfg = Debug|Any CPU
		{1EC50F86-9050-47B8-9C04-F901F3C01700}.Debug|Any CPU.Build.0 = Debug|Any CPU
		{1EC50F86-9050-47B8-9C04-F901F3C01700}.Debug|Mixed Platforms.ActiveCfg = Debug|Any CPU
		{1EC50F86-9050-47B8-9C04-F901F3C01700}.Debug|Mixed Platforms.Build.0 = Debug|Any CPU
		{1EC50F86-9050-47B8-9C04-F901F3C01700}.Debug|x86.ActiveCfg = Debug|Any CPU
		{1EC50F86-9050-47B8-9C04-F901F3C01700}.Release|Any CPU.ActiveCfg = Release|Any CPU
		{1EC50F86-9050-47B8-9C04-F901F3C01700}.Release|Any CPU.Build.0 = Release|Any CPU
		{1EC50F86-9050-47B8-9C04-F901F3C01700}.Release|Mixed Platforms.ActiveCfg = Release|Any CPU
		{1EC50F86-9050-47B8-9C04-F901F3C01700}.Release|Mixed Platforms.Build.0 = Release|Any CPU
		{1EC50F86-9050-47B8-9C04-F901F3C01700}.Release|x86.ActiveCfg = Release|Any CPU
		{C3BA5A72-68E9-4BD9-91BA-E776377DD211}.Debug|Any CPU.ActiveCfg = Debug|Any CPU
		{C3BA5A72-68E9-4BD9-91BA-E776377DD211}.Debug|Any CPU.Build.0 = Debug|Any CPU
		{C3BA5A72-68E9-4BD9-91BA-E776377DD211}.Debug|Mixed Platforms.ActiveCfg = Debug|Any CPU
		{C3BA5A72-68E9-4BD9-91BA-E776377DD211}.Debug|Mixed Platforms.Build.0 = Debug|Any CPU
		{C3BA5A72-68E9-4BD9-91BA-E776377DD211}.Debug|x86.ActiveCfg = Debug|Any CPU
		{C3BA5A72-68E9-4BD9-91BA-E776377DD211}.Release|Any CPU.ActiveCfg = Release|Any CPU
		{C3BA5A72-68E9-4BD9-91BA-E776377DD211}.Release|Any CPU.Build.0 = Release|Any CPU
		{C3BA5A72-68E9-4BD9-91BA-E776377DD211}.Release|Mixed Platforms.ActiveCfg = Release|Any CPU
		{C3BA5A72-68E9-4BD9-91BA-E776377DD211}.Release|Mixed Platforms.Build.0 = Release|Any CPU
		{C3BA5A72-68E9-4BD9-91BA-E776377DD211}.Release|x86.ActiveCfg = Release|Any CPU
		{9D23E073-9FA6-4A49-93A9-070F27F4EF92}.Debug|Any CPU.ActiveCfg = Debug|Any CPU
		{9D23E073-9FA6-4A49-93A9-070F27F4EF92}.Debug|Any CPU.Build.0 = Debug|Any CPU
		{9D23E073-9FA6-4A49-93A9-070F27F4EF92}.Debug|Mixed Platforms.ActiveCfg = Debug|Any CPU
		{9D23E073-9FA6-4A49-93A9-070F27F4EF92}.Debug|Mixed Platforms.Build.0 = Debug|Any CPU
		{9D23E073-9FA6-4A49-93A9-070F27F4EF92}.Debug|x86.ActiveCfg = Debug|Any CPU
		{9D23E073-9FA6-4A49-93A9-070F27F4EF92}.Release|Any CPU.ActiveCfg = Release|Any CPU
		{9D23E073-9FA6-4A49-93A9-070F27F4EF92}.Release|Any CPU.Build.0 = Release|Any CPU
		{9D23E073-9FA6-4A49-93A9-070F27F4EF92}.Release|Mixed Platforms.ActiveCfg = Release|Any CPU
		{9D23E073-9FA6-4A49-93A9-070F27F4EF92}.Release|Mixed Platforms.Build.0 = Release|Any CPU
		{9D23E073-9FA6-4A49-93A9-070F27F4EF92}.Release|x86.ActiveCfg = Release|Any CPU
		{3FB92288-4F27-4E62-978B-FD9F48CE1CD2}.Debug|Any CPU.ActiveCfg = Debug|Any CPU
		{3FB92288-4F27-4E62-978B-FD9F48CE1CD2}.Debug|Any CPU.Build.0 = Debug|Any CPU
		{3FB92288-4F27-4E62-978B-FD9F48CE1CD2}.Debug|Mixed Platforms.ActiveCfg = Debug|Any CPU
		{3FB92288-4F27-4E62-978B-FD9F48CE1CD2}.Debug|Mixed Platforms.Build.0 = Debug|Any CPU
		{3FB92288-4F27-4E62-978B-FD9F48CE1CD2}.Debug|x86.ActiveCfg = Debug|Any CPU
		{3FB92288-4F27-4E62-978B-FD9F48CE1CD2}.Debug|x86.Build.0 = Debug|Any CPU
		{3FB92288-4F27-4E62-978B-FD9F48CE1CD2}.Release|Any CPU.ActiveCfg = Release|Any CPU
		{3FB92288-4F27-4E62-978B-FD9F48CE1CD2}.Release|Any CPU.Build.0 = Release|Any CPU
		{3FB92288-4F27-4E62-978B-FD9F48CE1CD2}.Release|Mixed Platforms.ActiveCfg = Release|Any CPU
		{3FB92288-4F27-4E62-978B-FD9F48CE1CD2}.Release|Mixed Platforms.Build.0 = Release|Any CPU
		{3FB92288-4F27-4E62-978B-FD9F48CE1CD2}.Release|x86.ActiveCfg = Release|Any CPU
		{3FB92288-4F27-4E62-978B-FD9F48CE1CD2}.Release|x86.Build.0 = Release|Any CPU
		{6FFE3F18-2174-4855-9B11-5BC08D7B2E8B}.Debug|Any CPU.ActiveCfg = Debug|Any CPU
		{6FFE3F18-2174-4855-9B11-5BC08D7B2E8B}.Debug|Any CPU.Build.0 = Debug|Any CPU
		{6FFE3F18-2174-4855-9B11-5BC08D7B2E8B}.Debug|Mixed Platforms.ActiveCfg = Debug|Any CPU
		{6FFE3F18-2174-4855-9B11-5BC08D7B2E8B}.Debug|Mixed Platforms.Build.0 = Debug|Any CPU
		{6FFE3F18-2174-4855-9B11-5BC08D7B2E8B}.Debug|x86.ActiveCfg = Debug|Any CPU
		{6FFE3F18-2174-4855-9B11-5BC08D7B2E8B}.Release|Any CPU.ActiveCfg = Release|Any CPU
		{6FFE3F18-2174-4855-9B11-5BC08D7B2E8B}.Release|Any CPU.Build.0 = Release|Any CPU
		{6FFE3F18-2174-4855-9B11-5BC08D7B2E8B}.Release|Mixed Platforms.ActiveCfg = Release|Any CPU
		{6FFE3F18-2174-4855-9B11-5BC08D7B2E8B}.Release|Mixed Platforms.Build.0 = Release|Any CPU
		{6FFE3F18-2174-4855-9B11-5BC08D7B2E8B}.Release|x86.ActiveCfg = Release|Any CPU
		{B9799CFB-B174-4DEC-AAAB-1C17884A1416}.Debug|Any CPU.ActiveCfg = Debug|Any CPU
		{B9799CFB-B174-4DEC-AAAB-1C17884A1416}.Debug|Any CPU.Build.0 = Debug|Any CPU
		{B9799CFB-B174-4DEC-AAAB-1C17884A1416}.Debug|Mixed Platforms.ActiveCfg = Debug|Any CPU
		{B9799CFB-B174-4DEC-AAAB-1C17884A1416}.Debug|Mixed Platforms.Build.0 = Debug|Any CPU
		{B9799CFB-B174-4DEC-AAAB-1C17884A1416}.Debug|x86.ActiveCfg = Debug|Any CPU
		{B9799CFB-B174-4DEC-AAAB-1C17884A1416}.Release|Any CPU.ActiveCfg = Release|Any CPU
		{B9799CFB-B174-4DEC-AAAB-1C17884A1416}.Release|Any CPU.Build.0 = Release|Any CPU
		{B9799CFB-B174-4DEC-AAAB-1C17884A1416}.Release|Mixed Platforms.ActiveCfg = Release|Any CPU
		{B9799CFB-B174-4DEC-AAAB-1C17884A1416}.Release|Mixed Platforms.Build.0 = Release|Any CPU
		{B9799CFB-B174-4DEC-AAAB-1C17884A1416}.Release|x86.ActiveCfg = Release|Any CPU
		{ACB00461-4AEE-4EE5-8BCB-5E0A87E2936E}.Debug|Any CPU.ActiveCfg = Debug|Any CPU
		{ACB00461-4AEE-4EE5-8BCB-5E0A87E2936E}.Debug|Any CPU.Build.0 = Debug|Any CPU
		{ACB00461-4AEE-4EE5-8BCB-5E0A87E2936E}.Debug|Mixed Platforms.ActiveCfg = Debug|Any CPU
		{ACB00461-4AEE-4EE5-8BCB-5E0A87E2936E}.Debug|Mixed Platforms.Build.0 = Debug|Any CPU
		{ACB00461-4AEE-4EE5-8BCB-5E0A87E2936E}.Debug|x86.ActiveCfg = Debug|Any CPU
		{ACB00461-4AEE-4EE5-8BCB-5E0A87E2936E}.Debug|x86.Build.0 = Debug|Any CPU
		{ACB00461-4AEE-4EE5-8BCB-5E0A87E2936E}.Release|Any CPU.ActiveCfg = Release|Any CPU
		{ACB00461-4AEE-4EE5-8BCB-5E0A87E2936E}.Release|Any CPU.Build.0 = Release|Any CPU
		{ACB00461-4AEE-4EE5-8BCB-5E0A87E2936E}.Release|Mixed Platforms.ActiveCfg = Release|Any CPU
		{ACB00461-4AEE-4EE5-8BCB-5E0A87E2936E}.Release|Mixed Platforms.Build.0 = Release|Any CPU
		{ACB00461-4AEE-4EE5-8BCB-5E0A87E2936E}.Release|x86.ActiveCfg = Release|Any CPU
		{ACB00461-4AEE-4EE5-8BCB-5E0A87E2936E}.Release|x86.Build.0 = Release|Any CPU
		{F6DA5D52-CB39-4F0B-BDD2-47921A96E3DE}.Debug|Any CPU.ActiveCfg = Debug|Any CPU
		{F6DA5D52-CB39-4F0B-BDD2-47921A96E3DE}.Debug|Any CPU.Build.0 = Debug|Any CPU
		{F6DA5D52-CB39-4F0B-BDD2-47921A96E3DE}.Debug|Mixed Platforms.ActiveCfg = Debug|Any CPU
		{F6DA5D52-CB39-4F0B-BDD2-47921A96E3DE}.Debug|Mixed Platforms.Build.0 = Debug|Any CPU
		{F6DA5D52-CB39-4F0B-BDD2-47921A96E3DE}.Debug|x86.ActiveCfg = Debug|Any CPU
		{F6DA5D52-CB39-4F0B-BDD2-47921A96E3DE}.Debug|x86.Build.0 = Debug|Any CPU
		{F6DA5D52-CB39-4F0B-BDD2-47921A96E3DE}.Release|Any CPU.ActiveCfg = Release|Any CPU
		{F6DA5D52-CB39-4F0B-BDD2-47921A96E3DE}.Release|Any CPU.Build.0 = Release|Any CPU
		{F6DA5D52-CB39-4F0B-BDD2-47921A96E3DE}.Release|Mixed Platforms.ActiveCfg = Release|Any CPU
		{F6DA5D52-CB39-4F0B-BDD2-47921A96E3DE}.Release|Mixed Platforms.Build.0 = Release|Any CPU
		{F6DA5D52-CB39-4F0B-BDD2-47921A96E3DE}.Release|x86.ActiveCfg = Release|Any CPU
		{F6DA5D52-CB39-4F0B-BDD2-47921A96E3DE}.Release|x86.Build.0 = Release|Any CPU
		{FAD76E08-F60C-43CE-B262-7164B5942F6B}.Debug|Any CPU.ActiveCfg = Debug|Any CPU
		{FAD76E08-F60C-43CE-B262-7164B5942F6B}.Debug|Any CPU.Build.0 = Debug|Any CPU
		{FAD76E08-F60C-43CE-B262-7164B5942F6B}.Debug|Mixed Platforms.ActiveCfg = Debug|Any CPU
		{FAD76E08-F60C-43CE-B262-7164B5942F6B}.Debug|Mixed Platforms.Build.0 = Debug|Any CPU
		{FAD76E08-F60C-43CE-B262-7164B5942F6B}.Debug|x86.ActiveCfg = Debug|Any CPU
		{FAD76E08-F60C-43CE-B262-7164B5942F6B}.Debug|x86.Build.0 = Debug|Any CPU
		{FAD76E08-F60C-43CE-B262-7164B5942F6B}.Release|Any CPU.ActiveCfg = Release|Any CPU
		{FAD76E08-F60C-43CE-B262-7164B5942F6B}.Release|Any CPU.Build.0 = Release|Any CPU
		{FAD76E08-F60C-43CE-B262-7164B5942F6B}.Release|Mixed Platforms.ActiveCfg = Release|Any CPU
		{FAD76E08-F60C-43CE-B262-7164B5942F6B}.Release|Mixed Platforms.Build.0 = Release|Any CPU
		{FAD76E08-F60C-43CE-B262-7164B5942F6B}.Release|x86.ActiveCfg = Release|Any CPU
		{FAD76E08-F60C-43CE-B262-7164B5942F6B}.Release|x86.Build.0 = Release|Any CPU
		{BB4905FE-7C3E-4283-B856-AEC753FE9C46}.Debug|Any CPU.ActiveCfg = Debug|Any CPU
		{BB4905FE-7C3E-4283-B856-AEC753FE9C46}.Debug|Any CPU.Build.0 = Debug|Any CPU
		{BB4905FE-7C3E-4283-B856-AEC753FE9C46}.Debug|Mixed Platforms.ActiveCfg = Debug|Any CPU
		{BB4905FE-7C3E-4283-B856-AEC753FE9C46}.Debug|Mixed Platforms.Build.0 = Debug|Any CPU
		{BB4905FE-7C3E-4283-B856-AEC753FE9C46}.Debug|x86.ActiveCfg = Debug|Any CPU
		{BB4905FE-7C3E-4283-B856-AEC753FE9C46}.Debug|x86.Build.0 = Debug|Any CPU
		{BB4905FE-7C3E-4283-B856-AEC753FE9C46}.Release|Any CPU.ActiveCfg = Release|Any CPU
		{BB4905FE-7C3E-4283-B856-AEC753FE9C46}.Release|Any CPU.Build.0 = Release|Any CPU
		{BB4905FE-7C3E-4283-B856-AEC753FE9C46}.Release|Mixed Platforms.ActiveCfg = Release|Any CPU
		{BB4905FE-7C3E-4283-B856-AEC753FE9C46}.Release|Mixed Platforms.Build.0 = Release|Any CPU
		{BB4905FE-7C3E-4283-B856-AEC753FE9C46}.Release|x86.ActiveCfg = Release|Any CPU
		{BB4905FE-7C3E-4283-B856-AEC753FE9C46}.Release|x86.Build.0 = Release|Any CPU
		{59B9AA5C-3AF3-4536-A219-C61B6B48CD96}.Debug|Any CPU.ActiveCfg = Debug|Any CPU
		{59B9AA5C-3AF3-4536-A219-C61B6B48CD96}.Debug|Any CPU.Build.0 = Debug|Any CPU
		{59B9AA5C-3AF3-4536-A219-C61B6B48CD96}.Debug|Mixed Platforms.ActiveCfg = Debug|Any CPU
		{59B9AA5C-3AF3-4536-A219-C61B6B48CD96}.Debug|Mixed Platforms.Build.0 = Debug|Any CPU
		{59B9AA5C-3AF3-4536-A219-C61B6B48CD96}.Debug|x86.ActiveCfg = Debug|Any CPU
		{59B9AA5C-3AF3-4536-A219-C61B6B48CD96}.Debug|x86.Build.0 = Debug|Any CPU
		{59B9AA5C-3AF3-4536-A219-C61B6B48CD96}.Release|Any CPU.ActiveCfg = Release|Any CPU
		{59B9AA5C-3AF3-4536-A219-C61B6B48CD96}.Release|Any CPU.Build.0 = Release|Any CPU
		{59B9AA5C-3AF3-4536-A219-C61B6B48CD96}.Release|Mixed Platforms.ActiveCfg = Release|Any CPU
		{59B9AA5C-3AF3-4536-A219-C61B6B48CD96}.Release|Mixed Platforms.Build.0 = Release|Any CPU
		{59B9AA5C-3AF3-4536-A219-C61B6B48CD96}.Release|x86.ActiveCfg = Release|Any CPU
		{59B9AA5C-3AF3-4536-A219-C61B6B48CD96}.Release|x86.Build.0 = Release|Any CPU
		{D32EE2AD-0DAC-4424-80DA-D827B590949A}.Debug|Any CPU.ActiveCfg = Debug|Any CPU
		{D32EE2AD-0DAC-4424-80DA-D827B590949A}.Debug|Any CPU.Build.0 = Debug|Any CPU
		{D32EE2AD-0DAC-4424-80DA-D827B590949A}.Debug|Mixed Platforms.ActiveCfg = Debug|Any CPU
		{D32EE2AD-0DAC-4424-80DA-D827B590949A}.Debug|Mixed Platforms.Build.0 = Debug|Any CPU
		{D32EE2AD-0DAC-4424-80DA-D827B590949A}.Debug|x86.ActiveCfg = Debug|Any CPU
		{D32EE2AD-0DAC-4424-80DA-D827B590949A}.Debug|x86.Build.0 = Debug|Any CPU
		{D32EE2AD-0DAC-4424-80DA-D827B590949A}.Release|Any CPU.ActiveCfg = Release|Any CPU
		{D32EE2AD-0DAC-4424-80DA-D827B590949A}.Release|Any CPU.Build.0 = Release|Any CPU
		{D32EE2AD-0DAC-4424-80DA-D827B590949A}.Release|Mixed Platforms.ActiveCfg = Release|Any CPU
		{D32EE2AD-0DAC-4424-80DA-D827B590949A}.Release|Mixed Platforms.Build.0 = Release|Any CPU
		{D32EE2AD-0DAC-4424-80DA-D827B590949A}.Release|x86.ActiveCfg = Release|Any CPU
		{D32EE2AD-0DAC-4424-80DA-D827B590949A}.Release|x86.Build.0 = Release|Any CPU
		{7C74D86B-E834-4168-9729-C96F70D9DE45}.Debug|Any CPU.ActiveCfg = Debug|Any CPU
		{7C74D86B-E834-4168-9729-C96F70D9DE45}.Debug|Any CPU.Build.0 = Debug|Any CPU
		{7C74D86B-E834-4168-9729-C96F70D9DE45}.Debug|Mixed Platforms.ActiveCfg = Debug|Any CPU
		{7C74D86B-E834-4168-9729-C96F70D9DE45}.Debug|Mixed Platforms.Build.0 = Debug|Any CPU
		{7C74D86B-E834-4168-9729-C96F70D9DE45}.Debug|x86.ActiveCfg = Debug|Any CPU
		{7C74D86B-E834-4168-9729-C96F70D9DE45}.Debug|x86.Build.0 = Debug|Any CPU
		{7C74D86B-E834-4168-9729-C96F70D9DE45}.Release|Any CPU.ActiveCfg = Release|Any CPU
		{7C74D86B-E834-4168-9729-C96F70D9DE45}.Release|Any CPU.Build.0 = Release|Any CPU
		{7C74D86B-E834-4168-9729-C96F70D9DE45}.Release|Mixed Platforms.ActiveCfg = Release|Any CPU
		{7C74D86B-E834-4168-9729-C96F70D9DE45}.Release|Mixed Platforms.Build.0 = Release|Any CPU
		{7C74D86B-E834-4168-9729-C96F70D9DE45}.Release|x86.ActiveCfg = Release|Any CPU
		{7C74D86B-E834-4168-9729-C96F70D9DE45}.Release|x86.Build.0 = Release|Any CPU
		{3B074380-EEA7-40E3-880B-100A6AE2E1DA}.Debug|Any CPU.ActiveCfg = Debug|Any CPU
		{3B074380-EEA7-40E3-880B-100A6AE2E1DA}.Debug|Any CPU.Build.0 = Debug|Any CPU
		{3B074380-EEA7-40E3-880B-100A6AE2E1DA}.Debug|Mixed Platforms.ActiveCfg = Debug|Any CPU
		{3B074380-EEA7-40E3-880B-100A6AE2E1DA}.Debug|Mixed Platforms.Build.0 = Debug|Any CPU
		{3B074380-EEA7-40E3-880B-100A6AE2E1DA}.Debug|x86.ActiveCfg = Debug|Any CPU
		{3B074380-EEA7-40E3-880B-100A6AE2E1DA}.Debug|x86.Build.0 = Debug|Any CPU
		{3B074380-EEA7-40E3-880B-100A6AE2E1DA}.Release|Any CPU.ActiveCfg = Release|Any CPU
		{3B074380-EEA7-40E3-880B-100A6AE2E1DA}.Release|Any CPU.Build.0 = Release|Any CPU
		{3B074380-EEA7-40E3-880B-100A6AE2E1DA}.Release|Mixed Platforms.ActiveCfg = Release|Any CPU
		{3B074380-EEA7-40E3-880B-100A6AE2E1DA}.Release|Mixed Platforms.Build.0 = Release|Any CPU
		{3B074380-EEA7-40E3-880B-100A6AE2E1DA}.Release|x86.ActiveCfg = Release|Any CPU
		{3B074380-EEA7-40E3-880B-100A6AE2E1DA}.Release|x86.Build.0 = Release|Any CPU
		{F197B90C-51A1-446A-9E65-3F8599E2DE47}.Debug|Any CPU.ActiveCfg = Debug|Any CPU
		{F197B90C-51A1-446A-9E65-3F8599E2DE47}.Debug|Any CPU.Build.0 = Debug|Any CPU
		{F197B90C-51A1-446A-9E65-3F8599E2DE47}.Debug|Mixed Platforms.ActiveCfg = Debug|Any CPU
		{F197B90C-51A1-446A-9E65-3F8599E2DE47}.Debug|Mixed Platforms.Build.0 = Debug|Any CPU
		{F197B90C-51A1-446A-9E65-3F8599E2DE47}.Debug|x86.ActiveCfg = Debug|Any CPU
		{F197B90C-51A1-446A-9E65-3F8599E2DE47}.Debug|x86.Build.0 = Debug|Any CPU
		{F197B90C-51A1-446A-9E65-3F8599E2DE47}.Release|Any CPU.ActiveCfg = Release|Any CPU
		{F197B90C-51A1-446A-9E65-3F8599E2DE47}.Release|Any CPU.Build.0 = Release|Any CPU
		{F197B90C-51A1-446A-9E65-3F8599E2DE47}.Release|Mixed Platforms.ActiveCfg = Release|Any CPU
		{F197B90C-51A1-446A-9E65-3F8599E2DE47}.Release|Mixed Platforms.Build.0 = Release|Any CPU
		{F197B90C-51A1-446A-9E65-3F8599E2DE47}.Release|x86.ActiveCfg = Release|Any CPU
		{F197B90C-51A1-446A-9E65-3F8599E2DE47}.Release|x86.Build.0 = Release|Any CPU
		{B9D3C1CC-170D-4854-BE63-14941CA56EB3}.Debug|Any CPU.ActiveCfg = Debug|Any CPU
		{B9D3C1CC-170D-4854-BE63-14941CA56EB3}.Debug|Any CPU.Build.0 = Debug|Any CPU
		{B9D3C1CC-170D-4854-BE63-14941CA56EB3}.Debug|Mixed Platforms.ActiveCfg = Debug|Any CPU
		{B9D3C1CC-170D-4854-BE63-14941CA56EB3}.Debug|Mixed Platforms.Build.0 = Debug|Any CPU
		{B9D3C1CC-170D-4854-BE63-14941CA56EB3}.Debug|x86.ActiveCfg = Debug|Any CPU
		{B9D3C1CC-170D-4854-BE63-14941CA56EB3}.Debug|x86.Build.0 = Debug|Any CPU
		{B9D3C1CC-170D-4854-BE63-14941CA56EB3}.Release|Any CPU.ActiveCfg = Release|Any CPU
		{B9D3C1CC-170D-4854-BE63-14941CA56EB3}.Release|Any CPU.Build.0 = Release|Any CPU
		{B9D3C1CC-170D-4854-BE63-14941CA56EB3}.Release|Mixed Platforms.ActiveCfg = Release|Any CPU
		{B9D3C1CC-170D-4854-BE63-14941CA56EB3}.Release|Mixed Platforms.Build.0 = Release|Any CPU
		{B9D3C1CC-170D-4854-BE63-14941CA56EB3}.Release|x86.ActiveCfg = Release|Any CPU
		{B9D3C1CC-170D-4854-BE63-14941CA56EB3}.Release|x86.Build.0 = Release|Any CPU
		{99001E62-677E-4662-B6D7-D2B85122CB3C}.Debug|Any CPU.ActiveCfg = Debug|Any CPU
		{99001E62-677E-4662-B6D7-D2B85122CB3C}.Debug|Any CPU.Build.0 = Debug|Any CPU
		{99001E62-677E-4662-B6D7-D2B85122CB3C}.Debug|Mixed Platforms.ActiveCfg = Debug|Any CPU
		{99001E62-677E-4662-B6D7-D2B85122CB3C}.Debug|Mixed Platforms.Build.0 = Debug|Any CPU
		{99001E62-677E-4662-B6D7-D2B85122CB3C}.Debug|x86.ActiveCfg = Debug|Any CPU
		{99001E62-677E-4662-B6D7-D2B85122CB3C}.Debug|x86.Build.0 = Debug|Any CPU
		{99001E62-677E-4662-B6D7-D2B85122CB3C}.Release|Any CPU.ActiveCfg = Release|Any CPU
		{99001E62-677E-4662-B6D7-D2B85122CB3C}.Release|Any CPU.Build.0 = Release|Any CPU
		{99001E62-677E-4662-B6D7-D2B85122CB3C}.Release|Mixed Platforms.ActiveCfg = Release|Any CPU
		{99001E62-677E-4662-B6D7-D2B85122CB3C}.Release|Mixed Platforms.Build.0 = Release|Any CPU
		{99001E62-677E-4662-B6D7-D2B85122CB3C}.Release|x86.ActiveCfg = Release|Any CPU
		{99001E62-677E-4662-B6D7-D2B85122CB3C}.Release|x86.Build.0 = Release|Any CPU
		{BDFC6AAB-9457-4159-91D0-310105AA9ACF}.Debug|Any CPU.ActiveCfg = Debug|Any CPU
		{BDFC6AAB-9457-4159-91D0-310105AA9ACF}.Debug|Any CPU.Build.0 = Debug|Any CPU
		{BDFC6AAB-9457-4159-91D0-310105AA9ACF}.Debug|Mixed Platforms.ActiveCfg = Debug|Any CPU
		{BDFC6AAB-9457-4159-91D0-310105AA9ACF}.Debug|Mixed Platforms.Build.0 = Debug|Any CPU
		{BDFC6AAB-9457-4159-91D0-310105AA9ACF}.Debug|x86.ActiveCfg = Debug|Any CPU
		{BDFC6AAB-9457-4159-91D0-310105AA9ACF}.Debug|x86.Build.0 = Debug|Any CPU
		{BDFC6AAB-9457-4159-91D0-310105AA9ACF}.Release|Any CPU.ActiveCfg = Release|Any CPU
		{BDFC6AAB-9457-4159-91D0-310105AA9ACF}.Release|Any CPU.Build.0 = Release|Any CPU
		{BDFC6AAB-9457-4159-91D0-310105AA9ACF}.Release|Mixed Platforms.ActiveCfg = Release|Any CPU
		{BDFC6AAB-9457-4159-91D0-310105AA9ACF}.Release|Mixed Platforms.Build.0 = Release|Any CPU
		{BDFC6AAB-9457-4159-91D0-310105AA9ACF}.Release|x86.ActiveCfg = Release|Any CPU
		{BDFC6AAB-9457-4159-91D0-310105AA9ACF}.Release|x86.Build.0 = Release|Any CPU
		{6B2878A7-4291-4930-A8F6-20A8C8539705}.Debug|Any CPU.ActiveCfg = Debug|Any CPU
		{6B2878A7-4291-4930-A8F6-20A8C8539705}.Debug|Any CPU.Build.0 = Debug|Any CPU
		{6B2878A7-4291-4930-A8F6-20A8C8539705}.Debug|Mixed Platforms.ActiveCfg = Debug|Any CPU
		{6B2878A7-4291-4930-A8F6-20A8C8539705}.Debug|Mixed Platforms.Build.0 = Debug|Any CPU
		{6B2878A7-4291-4930-A8F6-20A8C8539705}.Debug|x86.ActiveCfg = Debug|Any CPU
		{6B2878A7-4291-4930-A8F6-20A8C8539705}.Debug|x86.Build.0 = Debug|Any CPU
		{6B2878A7-4291-4930-A8F6-20A8C8539705}.Release|Any CPU.ActiveCfg = Release|Any CPU
		{6B2878A7-4291-4930-A8F6-20A8C8539705}.Release|Any CPU.Build.0 = Release|Any CPU
		{6B2878A7-4291-4930-A8F6-20A8C8539705}.Release|Mixed Platforms.ActiveCfg = Release|Any CPU
		{6B2878A7-4291-4930-A8F6-20A8C8539705}.Release|Mixed Platforms.Build.0 = Release|Any CPU
		{6B2878A7-4291-4930-A8F6-20A8C8539705}.Release|x86.ActiveCfg = Release|Any CPU
		{6B2878A7-4291-4930-A8F6-20A8C8539705}.Release|x86.Build.0 = Release|Any CPU
		{590C974F-560D-4CF1-A9D8-D832132E84F6}.Debug|Any CPU.ActiveCfg = Debug|Any CPU
		{590C974F-560D-4CF1-A9D8-D832132E84F6}.Debug|Any CPU.Build.0 = Debug|Any CPU
		{590C974F-560D-4CF1-A9D8-D832132E84F6}.Debug|Mixed Platforms.ActiveCfg = Debug|Any CPU
		{590C974F-560D-4CF1-A9D8-D832132E84F6}.Debug|Mixed Platforms.Build.0 = Debug|Any CPU
		{590C974F-560D-4CF1-A9D8-D832132E84F6}.Debug|x86.ActiveCfg = Debug|Any CPU
		{590C974F-560D-4CF1-A9D8-D832132E84F6}.Release|Any CPU.ActiveCfg = Release|Any CPU
		{590C974F-560D-4CF1-A9D8-D832132E84F6}.Release|Any CPU.Build.0 = Release|Any CPU
		{590C974F-560D-4CF1-A9D8-D832132E84F6}.Release|Mixed Platforms.ActiveCfg = Release|Any CPU
		{590C974F-560D-4CF1-A9D8-D832132E84F6}.Release|Mixed Platforms.Build.0 = Release|Any CPU
		{590C974F-560D-4CF1-A9D8-D832132E84F6}.Release|x86.ActiveCfg = Release|Any CPU
	EndGlobalSection
	GlobalSection(SolutionProperties) = preSolution
		HideSolutionNode = FALSE
	EndGlobalSection
	GlobalSection(NestedProjects) = preSolution
		{5EB9E50B-E43C-4E1A-BDAB-35971A7E04F9} = {DD529F93-3244-491B-94F3-A5788917E1FF}
		{AFECE41E-82D7-4700-8BF5-8FD0E1DA8CD8} = {DD529F93-3244-491B-94F3-A5788917E1FF}
		{8FDE344E-E1C8-4BD0-85E3-85F33FE9AE4E} = {DD529F93-3244-491B-94F3-A5788917E1FF}
		{96388BE6-4AE1-46E9-B4BF-81246CAAD626} = {E95319B0-4E6D-4C8D-904B-A908A8F92670}
		{FDA2A02D-2E89-41FC-AE8C-E0AEB5C56500} = {E95319B0-4E6D-4C8D-904B-A908A8F92670}
		{A1EBBEEC-2A71-426C-933B-084B95D7BF2A} = {E95319B0-4E6D-4C8D-904B-A908A8F92670}
		{6D239177-9813-49DF-8051-5D3392A59A22} = {E95319B0-4E6D-4C8D-904B-A908A8F92670}
		{00418C4C-FDB3-4646-AD5A-3E8A0C42E812} = {E95319B0-4E6D-4C8D-904B-A908A8F92670}
		{EF2AC9EA-8DCD-405A-A25F-F4F1DEE75C9C} = {E95319B0-4E6D-4C8D-904B-A908A8F92670}
		{2828ADA8-4C0B-432D-8898-5677500EDC14} = {E95319B0-4E6D-4C8D-904B-A908A8F92670}
		{2BA5D057-F1CD-4297-9394-619192038546} = {E95319B0-4E6D-4C8D-904B-A908A8F92670}
		{6F145FB4-38D3-4E00-9773-B3EB3275C83D} = {E95319B0-4E6D-4C8D-904B-A908A8F92670}
		{6D5A933F-359F-4AF0-A10F-EB4786173592} = {E95319B0-4E6D-4C8D-904B-A908A8F92670}
		{8BEDD2D5-F580-48B4-B421-7E074F3E58C9} = {E95319B0-4E6D-4C8D-904B-A908A8F92670}
		{2AB21BCB-0F3B-4C86-9716-74D28FA4B3C1} = {E95319B0-4E6D-4C8D-904B-A908A8F92670}
		{590C974F-560D-4CF1-A9D8-D832132E84F6} = {E95319B0-4E6D-4C8D-904B-A908A8F92670}
		{2406C631-A96C-4208-9ABE-D77B82A7EA3C} = {E8FF757B-2198-464B-8C07-1CC21E2D90F6}
		{887AE610-E6D9-4EA5-91CB-B37AB3646C2A} = {E8FF757B-2198-464B-8C07-1CC21E2D90F6}
		{9C083C5E-103A-44D4-A07B-8F216F09074F} = {E8FF757B-2198-464B-8C07-1CC21E2D90F6}
		{FECFD11B-45AC-420B-9886-8F376E3727C7} = {E8FF757B-2198-464B-8C07-1CC21E2D90F6}
		{5E9B5A1B-870E-40FA-A070-56C7869B88D4} = {E8FF757B-2198-464B-8C07-1CC21E2D90F6}
		{9D23E073-9FA6-4A49-93A9-070F27F4EF92} = {E8FF757B-2198-464B-8C07-1CC21E2D90F6}
		{3FB92288-4F27-4E62-978B-FD9F48CE1CD2} = {E8FF757B-2198-464B-8C07-1CC21E2D90F6}
		{6FFE3F18-2174-4855-9B11-5BC08D7B2E8B} = {E8FF757B-2198-464B-8C07-1CC21E2D90F6}
		{ACB00461-4AEE-4EE5-8BCB-5E0A87E2936E} = {E8FF757B-2198-464B-8C07-1CC21E2D90F6}
		{F6DA5D52-CB39-4F0B-BDD2-47921A96E3DE} = {E8FF757B-2198-464B-8C07-1CC21E2D90F6}
		{D32EE2AD-0DAC-4424-80DA-D827B590949A} = {E8FF757B-2198-464B-8C07-1CC21E2D90F6}
		{3B074380-EEA7-40E3-880B-100A6AE2E1DA} = {E8FF757B-2198-464B-8C07-1CC21E2D90F6}
		{6B2878A7-4291-4930-A8F6-20A8C8539705} = {E8FF757B-2198-464B-8C07-1CC21E2D90F6}
		{E7B32520-28C9-4DB2-85BE-07A9B05C04B5} = {67DC938B-B962-4CCD-A828-32AE0537C5A3}
		{D7B3BD75-264E-4B9B-BE35-D99082EECCD0} = {67DC938B-B962-4CCD-A828-32AE0537C5A3}
		{3B55696F-6372-473A-9472-D88ADF025288} = {67DC938B-B962-4CCD-A828-32AE0537C5A3}
		{F197B90C-51A1-446A-9E65-3F8599E2DE47} = {67DC938B-B962-4CCD-A828-32AE0537C5A3}
		{03B569D8-F355-4C0C-B177-F773818CA68C} = {9E3E75C3-BB96-4720-9683-65029AA38B17}
		{E27D675D-4A9B-4967-99CA-1D093896047C} = {9E3E75C3-BB96-4720-9683-65029AA38B17}
		{98F6B4BA-7459-4B7A-90CE-47C9BD15EB20} = {9E3E75C3-BB96-4720-9683-65029AA38B17}
		{0E47874C-A539-49A5-8223-1D489253D1AE} = {9E3E75C3-BB96-4720-9683-65029AA38B17}
		{8B4D5E9D-7A6A-440D-9AE9-56A8E7144738} = {9E3E75C3-BB96-4720-9683-65029AA38B17}
		{89708270-3B06-479E-8310-C7A0B3E5F5A8} = {9E3E75C3-BB96-4720-9683-65029AA38B17}
		{1EC50F86-9050-47B8-9C04-F901F3C01700} = {9E3E75C3-BB96-4720-9683-65029AA38B17}
		{B9799CFB-B174-4DEC-AAAB-1C17884A1416} = {9E3E75C3-BB96-4720-9683-65029AA38B17}
		{FAD76E08-F60C-43CE-B262-7164B5942F6B} = {9E3E75C3-BB96-4720-9683-65029AA38B17}
		{59B9AA5C-3AF3-4536-A219-C61B6B48CD96} = {9E3E75C3-BB96-4720-9683-65029AA38B17}
		{7C74D86B-E834-4168-9729-C96F70D9DE45} = {9E3E75C3-BB96-4720-9683-65029AA38B17}
		{B9D3C1CC-170D-4854-BE63-14941CA56EB3} = {9E3E75C3-BB96-4720-9683-65029AA38B17}
		{C3BA5A72-68E9-4BD9-91BA-E776377DD211} = {AC465A32-16A9-4416-8889-D074EF6CB37E}
		{BB4905FE-7C3E-4283-B856-AEC753FE9C46} = {3A6BE9D5-5446-4EC8-ACAC-2A9A61BEA3E2}
		{99001E62-677E-4662-B6D7-D2B85122CB3C} = {19A5649A-7FC4-4771-83E1-9AD54A02A814}
		{BDFC6AAB-9457-4159-91D0-310105AA9ACF} = {19A5649A-7FC4-4771-83E1-9AD54A02A814}
	EndGlobalSection
	GlobalSection(ExtensibilityGlobals) = postSolution
		SolutionGuid = {3E5EF718-B8BA-4534-B5FE-DAACF3C18327}
	EndGlobalSection
EndGlobal
